
Microsoft Visual Studio Solution File, Format Version 12.00
# Visual Studio Version 17
VisualStudioVersion = 17.4.33103.184
MinimumVisualStudioVersion = 10.0.40219.1
Project("{9A19103F-16F7-4668-BE54-9A1E7A4F7556}") = "Numberconversion_v2", "Numberconversion_v2\Numberconversion_v2.csproj", "{61B031B4-B308-4640-9CD4-8639D860CB06}"
EndProject
Project("{2150E333-8FDC-42A3-9474-1A3956D46DE8}") = "Solution Items", "Solution Items", "{62D8D107-CCD4-4798-9EA9-E9FD0D39E5C9}"
	ProjectSection(SolutionItems) = preProject
		.editorconfig = .editorconfig
	EndProjectSection
EndProject
Global
	GlobalSection(SolutionConfigurationPlatforms) = preSolution
		Debug|Any CPU = Debug|Any CPU
		Release|Any CPU = Release|Any CPU
	EndGlobalSection
	GlobalSection(ProjectConfigurationPlatforms) = postSolution
		{61B031B4-B308-4640-9CD4-8639D860CB06}.Debug|Any CPU.ActiveCfg = Debug|Any CPU
		{61B031B4-B308-4640-9CD4-8639D860CB06}.Debug|Any CPU.Build.0 = Debug|Any CPU
		{61B031B4-B308-4640-9CD4-8639D860CB06}.Release|Any CPU.ActiveCfg = Release|Any CPU
		{61B031B4-B308-4640-9CD4-8639D860CB06}.Release|Any CPU.Build.0 = Release|Any CPU
	EndGlobalSection
	GlobalSection(SolutionProperties) = preSolution
		HideSolutionNode = FALSE
	EndGlobalSection
	GlobalSection(ExtensibilityGlobals) = postSolution
		SolutionGuid = {D71C9291-A815-4210-A715-B70B397C9A0F}
	EndGlobalSection
EndGlobal
