
Microsoft Visual Studio Solution File, Format Version 12.00
# Visual Studio Version 17
VisualStudioVersion = 17.4.33213.308
MinimumVisualStudioVersion = 10.0.40219.1
Project("{9A19103F-16F7-4668-BE54-9A1E7A4F7556}") = "Unit-Test-Frameworks", "Unit-Test-Frameworks\Unit-Test-Frameworks.csproj", "{AD42847F-1B68-492C-8B75-890586A17DF5}"
EndProject
Project("{FAE04EC0-301F-11D3-BF4B-00C04F79EFBC}") = "CharactersCounterTests", "CharactersCounterTests\CharactersCounterTests.csproj", "{47092D7F-A30B-4B2C-881F-C1954EB4A793}"
EndProject
Global
	GlobalSection(SolutionConfigurationPlatforms) = preSolution
		Debug|Any CPU = Debug|Any CPU
		Release|Any CPU = Release|Any CPU
	EndGlobalSection
	GlobalSection(ProjectConfigurationPlatforms) = postSolution
		{AD42847F-1B68-492C-8B75-890586A17DF5}.Debug|Any CPU.ActiveCfg = Debug|Any CPU
		{AD42847F-1B68-492C-8B75-890586A17DF5}.Debug|Any CPU.Build.0 = Debug|Any CPU
		{AD42847F-1B68-492C-8B75-890586A17DF5}.Release|Any CPU.ActiveCfg = Release|Any CPU
		{AD42847F-1B68-492C-8B75-890586A17DF5}.Release|Any CPU.Build.0 = Release|Any CPU
		{47092D7F-A30B-4B2C-881F-C1954EB4A793}.Debug|Any CPU.ActiveCfg = Debug|Any CPU
		{47092D7F-A30B-4B2C-881F-C1954EB4A793}.Debug|Any CPU.Build.0 = Debug|Any CPU
		{47092D7F-A30B-4B2C-881F-C1954EB4A793}.Release|Any CPU.ActiveCfg = Release|Any CPU
		{47092D7F-A30B-4B2C-881F-C1954EB4A793}.Release|Any CPU.Build.0 = Release|Any CPU
	EndGlobalSection
	GlobalSection(SolutionProperties) = preSolution
		HideSolutionNode = FALSE
	EndGlobalSection
	GlobalSection(ExtensibilityGlobals) = postSolution
		SolutionGuid = {C5C99437-F811-4871-820E-2D900B91D512}
	EndGlobalSection
EndGlobal
