
Microsoft Visual Studio Solution File, Format Version 12.00
# Visual Studio Version 17
VisualStudioVersion = 17.4.33213.308
MinimumVisualStudioVersion = 10.0.40219.1
Project("{9A19103F-16F7-4668-BE54-9A1E7A4F7556}") = "WDS", "WDS\WDS.csproj", "{31DABF54-606E-4FFD-8E5C-5BE7E0BDD3DB}"
EndProject
Project("{FAE04EC0-301F-11D3-BF4B-00C04F79EFBC}") = "TESTWDS", "TESTWDS\TESTWDS.csproj", "{69C8B7EE-A4DE-4DD2-A775-ACA6AC7188C0}"
EndProject
Global
	GlobalSection(SolutionConfigurationPlatforms) = preSolution
		Debug|Any CPU = Debug|Any CPU
		Release|Any CPU = Release|Any CPU
	EndGlobalSection
	GlobalSection(ProjectConfigurationPlatforms) = postSolution
		{31DABF54-606E-4FFD-8E5C-5BE7E0BDD3DB}.Debug|Any CPU.ActiveCfg = Debug|Any CPU
		{31DABF54-606E-4FFD-8E5C-5BE7E0BDD3DB}.Debug|Any CPU.Build.0 = Debug|Any CPU
		{31DABF54-606E-4FFD-8E5C-5BE7E0BDD3DB}.Release|Any CPU.ActiveCfg = Release|Any CPU
		{31DABF54-606E-4FFD-8E5C-5BE7E0BDD3DB}.Release|Any CPU.Build.0 = Release|Any CPU
		{69C8B7EE-A4DE-4DD2-A775-ACA6AC7188C0}.Debug|Any CPU.ActiveCfg = Debug|Any CPU
		{69C8B7EE-A4DE-4DD2-A775-ACA6AC7188C0}.Debug|Any CPU.Build.0 = Debug|Any CPU
		{69C8B7EE-A4DE-4DD2-A775-ACA6AC7188C0}.Release|Any CPU.ActiveCfg = Release|Any CPU
		{69C8B7EE-A4DE-4DD2-A775-ACA6AC7188C0}.Release|Any CPU.Build.0 = Release|Any CPU
	EndGlobalSection
	GlobalSection(SolutionProperties) = preSolution
		HideSolutionNode = FALSE
	EndGlobalSection
	GlobalSection(ExtensibilityGlobals) = postSolution
		SolutionGuid = {9D813711-2266-42A6-9C9A-885EBC4325F6}
	EndGlobalSection
EndGlobal
